
Microsoft Visual Studio Solution File, Format Version 12.00
# Visual Studio Version 16
VisualStudioVersion = 16.0.31205.134
MinimumVisualStudioVersion = 10.0.40219.1
Project("{8BC9CEB8-8B4A-11D0-8D11-00A0C91BC942}") = "1.1.4.求面积函数重载", "1.4.求面积函数重载\1.4.求面积函数重载.vcxproj", "{CCF69732-CE3D-4D6A-9048-232BDBEFB05E}"
EndProject
Project("{8BC9CEB8-8B4A-11D0-8D11-00A0C91BC942}") = "1.1.5.对整型数据的各种处理", "1.5.对整型数据的各种处理\1.5.对整型数据的各种处理.vcxproj", "{EC4C72CF-9B90-4340-A91E-1560F0C9B5D7}"
EndProject
Project("{8BC9CEB8-8B4A-11D0-8D11-00A0C91BC942}") = "1.1.1.字符串长度", "1\1.vcxproj", "{579B7DAC-1A5E-4F1C-A01D-FBA6BD972EBB}"
EndProject
Project("{8BC9CEB8-8B4A-11D0-8D11-00A0C91BC942}") = "1.1.7.Circle类的使用", "1.7.Circle类的使用\1.7.Circle类的使用.vcxproj", "{4F5FED98-7C59-43E4-BF29-84BB668ABEA5}"
EndProject
Project("{8BC9CEB8-8B4A-11D0-8D11-00A0C91BC942}") = "1.1.6.二维数组类Array2D", "1.7.二维数组类Array2D\1.7.二维数组类Array2D.vcxproj", "{FE071037-E2DD-4AF0-A8DF-0CDB2F868B00}"
EndProject
Project("{8BC9CEB8-8B4A-11D0-8D11-00A0C91BC942}") = "1.1.8.构造顺序", "1.8.构造顺序\1.8.构造顺序.vcxproj", "{0AD8BFEF-8B90-4D9F-8094-659684CA170E}"
EndProject
Project("{8BC9CEB8-8B4A-11D0-8D11-00A0C91BC942}") = "1.1.9.const的使用", "1.9.Test\1.9.Test.vcxproj", "{D5574521-309B-42E0-9D7A-555BD4C801BD}"
EndProject
Project("{8BC9CEB8-8B4A-11D0-8D11-00A0C91BC942}") = "1.1.2.矩形", "2\2.vcxproj", "{73722ABB-5990-4129-B307-00D1944FE5F3}"
EndProject
Project("{8BC9CEB8-8B4A-11D0-8D11-00A0C91BC942}") = "1.2.0.Student", "2.0.Student\2.0.Student.vcxproj", "{F488BEEE-35D2-4975-8A37-8F0AC5FAD716}"
EndProject
Project("{8BC9CEB8-8B4A-11D0-8D11-00A0C91BC942}") = "2.1.1.求字符串的个数", "2.1.1.求字符串的个数\2.1.1.求字符串的个数.vcxproj", "{C1A63423-CF8D-4EBF-B914-49C22709D789}"
EndProject
Project("{8BC9CEB8-8B4A-11D0-8D11-00A0C91BC942}") = "2.1.2.有默认值的时钟", "2.1.2.有默认值的时钟\2.1.2.有默认值的时钟.vcxproj", "{A811FB81-5EA1-4BB3-A7C1-406275771805}"
EndProject
Project("{8BC9CEB8-8B4A-11D0-8D11-00A0C91BC942}") = "2.1.3.数据交换", "2.1.3.数据交换\2.1.3.数据交换.vcxproj", "{4DDBF961-A101-45AA-848E-EF753F6B633F}"
EndProject
Project("{8BC9CEB8-8B4A-11D0-8D11-00A0C91BC942}") = "2.1.4.求较大的一个数", "2.1.4.求较大的一个数\2.1.4.求较大的一个数.vcxproj", "{DDCCE6EE-B6D2-4DF6-BAC3-ED67E1617201}"
EndProject
Project("{8BC9CEB8-8B4A-11D0-8D11-00A0C91BC942}") = "2.1.5.字符串简单操作", "2.1.5.字符串简单操作\2.1.5.字符串简单操作.vcxproj", "{73BD129F-E205-4900-A22F-20CD7735839B}"
EndProject
Project("{8BC9CEB8-8B4A-11D0-8D11-00A0C91BC942}") = "2.1.6.给类实行“计划生育”政策", "2.1.6.给类实行“计划生育”政策\2.1.6.给类实行“计划生育”政策.vcxproj", "{4B66A639-D0E6-41F2-BF63-5C4162175D71}"
EndProject
Project("{8BC9CEB8-8B4A-11D0-8D11-00A0C91BC942}") = "1.2.2.Date", "2.2\2.2.vcxproj", "{E9060EEB-AD3B-4688-9F14-AC5BB760490F}"
EndProject
Project("{8BC9CEB8-8B4A-11D0-8D11-00A0C91BC942}") = "1.1.3.Area", "3.Area\3.Area.vcxproj", "{12ABC86C-E446-4D2E-8E5C-68A0A497C8B5}"
EndProject
Project("{8BC9CEB8-8B4A-11D0-8D11-00A0C91BC942}") = "1.2.1.三角形面积", "11.三角形面积\11.三角形面积.vcxproj", "{BF335A41-0933-4D0A-9802-ACF582509EF0}"
EndProject
Project("{2150E333-8FDC-42A3-9474-1A3956D46DE8}") = "1第一次作业", "1第一次作业", "{91F04E8C-126C-4038-8CEB-39C9F8401FAC}"
EndProject
Project("{2150E333-8FDC-42A3-9474-1A3956D46DE8}") = "2第二次作业", "2第二次作业", "{0645B12F-F6A5-43F1-984F-DC3B02A00F9F}"
EndProject
Project("{2150E333-8FDC-42A3-9474-1A3956D46DE8}") = "3第三次作业", "3第三次作业", "{DA183D96-6CF6-4175-8BFB-6D3B9183FDA4}"
EndProject
Project("{8BC9CEB8-8B4A-11D0-8D11-00A0C91BC942}") = "3.1.虚基类", "Project1\Project1.vcxproj", "{B7F8CE9F-E191-42C9-A08D-DE30667A9ACE}"
EndProject
Project("{8BC9CEB8-8B4A-11D0-8D11-00A0C91BC942}") = "3.2.同名隐藏", "3.2.同名隐藏\3.2.同名隐藏.vcxproj", "{8F6FECA1-85E2-460E-85D6-838A525CC1F0}"
EndProject
Project("{8BC9CEB8-8B4A-11D0-8D11-00A0C91BC942}") = "3.3.继承方式", "3.3.继承方式\3.3.继承方式.vcxproj", "{12B14C69-5A1F-40AC-BF92-6139192EB571}"
EndProject
Project("{8BC9CEB8-8B4A-11D0-8D11-00A0C91BC942}") = "3.4.类型兼容规则", "3.4.类型兼容规则\3.4.类型兼容规则.vcxproj", "{E2505E03-BBF6-4443-ACF2-100EFAE8803C}"
EndProject
Project("{8BC9CEB8-8B4A-11D0-8D11-00A0C91BC942}") = "类型兼容性", "类型兼容性\类型兼容性.vcxproj", "{3DD158BD-6768-40F0-A0B4-333850E0E10D}"
EndProject
Project("{8BC9CEB8-8B4A-11D0-8D11-00A0C91BC942}") = "3.5.派生类的构造函数和析构函数（2）", "3.5.派生类的构造函数和析构函数（2）\3.5.派生类的构造函数和析构函数（2）.vcxproj", "{75450797-5EAE-44AC-AAD1-61CB34264957}"
EndProject
Project("{8BC9CEB8-8B4A-11D0-8D11-00A0C91BC942}") = "3.6.派生类的构造函数和析构函数（1）", "3.6.派生类的构造函数和析构函数（1）\3.6.派生类的构造函数和析构函数（1）.vcxproj", "{665CDD6E-DA59-4AAE-96C6-7AC0804B3FC6}"
EndProject
Project("{2150E333-8FDC-42A3-9474-1A3956D46DE8}") = "4第四次作业", "4第四次作业", "{C447708E-5CF2-4A3B-8B0F-95A76AB46A00}"
EndProject
Project("{8BC9CEB8-8B4A-11D0-8D11-00A0C91BC942}") = "4.1.MyArray类的运算符重载", "4.1.MyArray类的运算符重载\4.1.MyArray类的运算符重载.vcxproj", "{5B3F9026-0169-45B4-AB42-E32582C8F46F}"
EndProject
Project("{8BC9CEB8-8B4A-11D0-8D11-00A0C91BC942}") = "4.7.this的使用", "4.7.this的使用\4.7.this的使用.vcxproj", "{5B249EC6-007A-44A9-B6A0-2B2BDE0FF802}"
EndProject
Project("{8BC9CEB8-8B4A-11D0-8D11-00A0C91BC942}") = "4.6.自定义字符串类MyString", "4.6.自定义字符串类MyString\4.6.自定义字符串类MyString.vcxproj", "{B1EC49B2-102E-4514-BF68-C2D987DF7164}"
EndProject
Project("{8BC9CEB8-8B4A-11D0-8D11-00A0C91BC942}") = "time类运算符重载", "Project2\Project2.vcxproj", "{02CE21CD-1E46-4CFC-A699-2158C51D0221}"
EndProject
Project("{8BC9CEB8-8B4A-11D0-8D11-00A0C91BC942}") = "4.5.Time类的运算符重载", "4.5.Time类的运算符重载\4.5.Time类的运算符重载.vcxproj", "{D2AB4426-E770-44C7-B780-CA321C6B99CC}"
EndProject
Project("{8BC9CEB8-8B4A-11D0-8D11-00A0C91BC942}") = "4.4.Circle类的运算符重载", "4.4.Circle类的运算符重载\4.4.Circle类的运算符重载.vcxproj", "{E27D6926-A3A9-4737-8060-893FF9AE3711}"
EndProject
Project("{8BC9CEB8-8B4A-11D0-8D11-00A0C91BC942}") = "4.3.Complex的运算符重载", "4.3.Complex的运算符重载\4.3.Complex的运算符重载.vcxproj", "{2A661CBF-62A7-4C02-AF55-C96C80CFDEC4}"
EndProject
Project("{8BC9CEB8-8B4A-11D0-8D11-00A0C91BC942}") = "4.2.MyString类的运算符重载", "4.2.MyString类的运算符重载\4.2.MyString类的运算符重载.vcxproj", "{50AFA5BA-BC70-4EE5-80A9-D06D56B697B2}"
EndProject
Project("{8BC9CEB8-8B4A-11D0-8D11-00A0C91BC942}") = "1.000", "1.000\1.000.vcxproj", "{0C02C0A6-5971-4AA9-B2AF-5AB9150CAA4D}"
EndProject
Project("{2150E333-8FDC-42A3-9474-1A3956D46DE8}") = "5第五次作业", "5第五次作业", "{BD01D4A5-47D1-4364-B5A8-D91F6198C89E}"
EndProject
Project("{8BC9CEB8-8B4A-11D0-8D11-00A0C91BC942}") = "5.1.虚函数之中国厨师与法国厨师", "5.1.虚函数之中国厨师与法国厨师\5.1.虚函数之中国厨师与法国厨师.vcxproj", "{421C0576-1D00-4829-BC30-07985FFDFAF6}"
EndProject
Project("{8BC9CEB8-8B4A-11D0-8D11-00A0C91BC942}") = "5.2.抽象的计算类Operation", "5.2.抽象的计算类Operation\5.2.抽象的计算类Operation.vcxproj", "{3566E4A2-22EF-432E-A6DA-CF9FE6AB9B78}"
EndProject
Project("{8BC9CEB8-8B4A-11D0-8D11-00A0C91BC942}") = "5.3.抽象的图形类Shape", "5.3.抽象的图形类Shape\5.3.抽象的图形类Shape.vcxproj", "{5E2F4A62-AA35-4E50-B57F-AC7E3BF76F0C}"
EndProject
Project("{8BC9CEB8-8B4A-11D0-8D11-00A0C91BC942}") = "5.4.顾客积分计算", "5.4.顾客积分计算\5.4.顾客积分计算.vcxproj", "{282819A9-A312-4828-9BA8-76A057B354B0}"
EndProject
Project("{8BC9CEB8-8B4A-11D0-8D11-00A0C91BC942}") = "5.5.自助餐计费", "5.5.自助餐计费\5.5.自助餐计费.vcxproj", "{FA1E5BAE-265B-4CF1-ADE9-CDFF829C0048}"
EndProject
Project("{8BC9CEB8-8B4A-11D0-8D11-00A0C91BC942}") = "5.6.房产税费计算", "5.6.房产税费计算\5.6.房产税费计算.vcxproj", "{FA7854E3-F6EC-4BA6-93C8-383448FFCA0D}"
EndProject
Project("{2150E333-8FDC-42A3-9474-1A3956D46DE8}") = "Test", "Test", "{B0A829C4-786F-4FDF-9D2B-92BBB1857D93}"
EndProject
Project("{8BC9CEB8-8B4A-11D0-8D11-00A0C91BC942}") = "test1", "test\test.vcxproj", "{23BA8511-D277-43E7-B1A5-0325CFA5CC8F}"
EndProject
Project("{8BC9CEB8-8B4A-11D0-8D11-00A0C91BC942}") = "test2", "test2\test2.vcxproj", "{89DEEF3D-1A47-4B16-B709-ADBC36C5D0E8}"
EndProject
Project("{8BC9CEB8-8B4A-11D0-8D11-00A0C91BC942}") = "test3", "test3\test3.vcxproj", "{1BDCDBDA-F31B-4E73-8D77-DBE2B95B40FE}"
EndProject
Project("{888888A0-9F3D-457C-B088-3A5042F75D52}") = "实验", "实验\实验.pyproj", "{938E5F48-1924-405F-A428-0B622BC55DF3}"
EndProject
Project("{8BC9CEB8-8B4A-11D0-8D11-00A0C91BC942}") = "构造顺序", "构造顺序\构造顺序.vcxproj", "{64BB8683-B859-43F4-90DB-909367D2DCCF}"
EndProject
Project("{8BC9CEB8-8B4A-11D0-8D11-00A0C91BC942}") = "银行家算法", "银行家算法\银行家算法.vcxproj", "{9F15BD6B-D985-49B3-A22B-346BFC26A9D6}"
EndProject
Project("{8BC9CEB8-8B4A-11D0-8D11-00A0C91BC942}") = "银行家算法完善班", "银行家算法完善班\银行家算法完善班.vcxproj", "{D686F1A3-56AB-4F3A-9F33-CA655667034B}"
EndProject
Project("{8BC9CEB8-8B4A-11D0-8D11-00A0C91BC942}") = "liu", "liu\liu.vcxproj", "{48985CD9-4DC1-46CA-9B88-BFC54ED2FDC8}"
EndProject
Project("{8BC9CEB8-8B4A-11D0-8D11-00A0C91BC942}") = "C语言", "C语言\C语言.vcxproj", "{E45994AE-BBD4-487B-8FFC-1D1DDA3A9248}"
EndProject
Global
	GlobalSection(SolutionConfigurationPlatforms) = preSolution
		Debug|Any CPU = Debug|Any CPU
		Debug|x64 = Debug|x64
		Debug|x86 = Debug|x86
		Release|Any CPU = Release|Any CPU
		Release|x64 = Release|x64
		Release|x86 = Release|x86
	EndGlobalSection
	GlobalSection(ProjectConfigurationPlatforms) = postSolution
		{CCF69732-CE3D-4D6A-9048-232BDBEFB05E}.Debug|Any CPU.ActiveCfg = Debug|Win32
		{CCF69732-CE3D-4D6A-9048-232BDBEFB05E}.Debug|x64.ActiveCfg = Debug|x64
		{CCF69732-CE3D-4D6A-9048-232BDBEFB05E}.Debug|x64.Build.0 = Debug|x64
		{CCF69732-CE3D-4D6A-9048-232BDBEFB05E}.Debug|x86.ActiveCfg = Debug|Win32
		{CCF69732-CE3D-4D6A-9048-232BDBEFB05E}.Debug|x86.Build.0 = Debug|Win32
		{CCF69732-CE3D-4D6A-9048-232BDBEFB05E}.Release|Any CPU.ActiveCfg = Release|Win32
		{CCF69732-CE3D-4D6A-9048-232BDBEFB05E}.Release|x64.ActiveCfg = Release|x64
		{CCF69732-CE3D-4D6A-9048-232BDBEFB05E}.Release|x64.Build.0 = Release|x64
		{CCF69732-CE3D-4D6A-9048-232BDBEFB05E}.Release|x86.ActiveCfg = Release|Win32
		{CCF69732-CE3D-4D6A-9048-232BDBEFB05E}.Release|x86.Build.0 = Release|Win32
		{EC4C72CF-9B90-4340-A91E-1560F0C9B5D7}.Debug|Any CPU.ActiveCfg = Debug|Win32
		{EC4C72CF-9B90-4340-A91E-1560F0C9B5D7}.Debug|x64.ActiveCfg = Debug|x64
		{EC4C72CF-9B90-4340-A91E-1560F0C9B5D7}.Debug|x64.Build.0 = Debug|x64
		{EC4C72CF-9B90-4340-A91E-1560F0C9B5D7}.Debug|x86.ActiveCfg = Debug|Win32
		{EC4C72CF-9B90-4340-A91E-1560F0C9B5D7}.Debug|x86.Build.0 = Debug|Win32
		{EC4C72CF-9B90-4340-A91E-1560F0C9B5D7}.Release|Any CPU.ActiveCfg = Release|Win32
		{EC4C72CF-9B90-4340-A91E-1560F0C9B5D7}.Release|x64.ActiveCfg = Release|x64
		{EC4C72CF-9B90-4340-A91E-1560F0C9B5D7}.Release|x64.Build.0 = Release|x64
		{EC4C72CF-9B90-4340-A91E-1560F0C9B5D7}.Release|x86.ActiveCfg = Release|Win32
		{EC4C72CF-9B90-4340-A91E-1560F0C9B5D7}.Release|x86.Build.0 = Release|Win32
		{579B7DAC-1A5E-4F1C-A01D-FBA6BD972EBB}.Debug|Any CPU.ActiveCfg = Debug|Win32
		{579B7DAC-1A5E-4F1C-A01D-FBA6BD972EBB}.Debug|x64.ActiveCfg = Debug|x64
		{579B7DAC-1A5E-4F1C-A01D-FBA6BD972EBB}.Debug|x64.Build.0 = Debug|x64
		{579B7DAC-1A5E-4F1C-A01D-FBA6BD972EBB}.Debug|x86.ActiveCfg = Debug|Win32
		{579B7DAC-1A5E-4F1C-A01D-FBA6BD972EBB}.Debug|x86.Build.0 = Debug|Win32
		{579B7DAC-1A5E-4F1C-A01D-FBA6BD972EBB}.Release|Any CPU.ActiveCfg = Release|Win32
		{579B7DAC-1A5E-4F1C-A01D-FBA6BD972EBB}.Release|x64.ActiveCfg = Release|x64
		{579B7DAC-1A5E-4F1C-A01D-FBA6BD972EBB}.Release|x64.Build.0 = Release|x64
		{579B7DAC-1A5E-4F1C-A01D-FBA6BD972EBB}.Release|x86.ActiveCfg = Release|Win32
		{579B7DAC-1A5E-4F1C-A01D-FBA6BD972EBB}.Release|x86.Build.0 = Release|Win32
		{4F5FED98-7C59-43E4-BF29-84BB668ABEA5}.Debug|Any CPU.ActiveCfg = Debug|Win32
		{4F5FED98-7C59-43E4-BF29-84BB668ABEA5}.Debug|x64.ActiveCfg = Debug|x64
		{4F5FED98-7C59-43E4-BF29-84BB668ABEA5}.Debug|x64.Build.0 = Debug|x64
		{4F5FED98-7C59-43E4-BF29-84BB668ABEA5}.Debug|x86.ActiveCfg = Debug|Win32
		{4F5FED98-7C59-43E4-BF29-84BB668ABEA5}.Debug|x86.Build.0 = Debug|Win32
		{4F5FED98-7C59-43E4-BF29-84BB668ABEA5}.Release|Any CPU.ActiveCfg = Release|Win32
		{4F5FED98-7C59-43E4-BF29-84BB668ABEA5}.Release|x64.ActiveCfg = Release|x64
		{4F5FED98-7C59-43E4-BF29-84BB668ABEA5}.Release|x64.Build.0 = Release|x64
		{4F5FED98-7C59-43E4-BF29-84BB668ABEA5}.Release|x86.ActiveCfg = Release|Win32
		{4F5FED98-7C59-43E4-BF29-84BB668ABEA5}.Release|x86.Build.0 = Release|Win32
		{FE071037-E2DD-4AF0-A8DF-0CDB2F868B00}.Debug|Any CPU.ActiveCfg = Debug|Win32
		{FE071037-E2DD-4AF0-A8DF-0CDB2F868B00}.Debug|x64.ActiveCfg = Debug|x64
		{FE071037-E2DD-4AF0-A8DF-0CDB2F868B00}.Debug|x64.Build.0 = Debug|x64
		{FE071037-E2DD-4AF0-A8DF-0CDB2F868B00}.Debug|x86.ActiveCfg = Debug|Win32
		{FE071037-E2DD-4AF0-A8DF-0CDB2F868B00}.Debug|x86.Build.0 = Debug|Win32
		{FE071037-E2DD-4AF0-A8DF-0CDB2F868B00}.Release|Any CPU.ActiveCfg = Release|Win32
		{FE071037-E2DD-4AF0-A8DF-0CDB2F868B00}.Release|x64.ActiveCfg = Release|x64
		{FE071037-E2DD-4AF0-A8DF-0CDB2F868B00}.Release|x64.Build.0 = Release|x64
		{FE071037-E2DD-4AF0-A8DF-0CDB2F868B00}.Release|x86.ActiveCfg = Release|Win32
		{FE071037-E2DD-4AF0-A8DF-0CDB2F868B00}.Release|x86.Build.0 = Release|Win32
		{0AD8BFEF-8B90-4D9F-8094-659684CA170E}.Debug|Any CPU.ActiveCfg = Debug|Win32
		{0AD8BFEF-8B90-4D9F-8094-659684CA170E}.Debug|x64.ActiveCfg = Debug|x64
		{0AD8BFEF-8B90-4D9F-8094-659684CA170E}.Debug|x64.Build.0 = Debug|x64
		{0AD8BFEF-8B90-4D9F-8094-659684CA170E}.Debug|x86.ActiveCfg = Debug|Win32
		{0AD8BFEF-8B90-4D9F-8094-659684CA170E}.Debug|x86.Build.0 = Debug|Win32
		{0AD8BFEF-8B90-4D9F-8094-659684CA170E}.Release|Any CPU.ActiveCfg = Release|Win32
		{0AD8BFEF-8B90-4D9F-8094-659684CA170E}.Release|x64.ActiveCfg = Release|x64
		{0AD8BFEF-8B90-4D9F-8094-659684CA170E}.Release|x64.Build.0 = Release|x64
		{0AD8BFEF-8B90-4D9F-8094-659684CA170E}.Release|x86.ActiveCfg = Release|Win32
		{0AD8BFEF-8B90-4D9F-8094-659684CA170E}.Release|x86.Build.0 = Release|Win32
		{D5574521-309B-42E0-9D7A-555BD4C801BD}.Debug|Any CPU.ActiveCfg = Debug|Win32
		{D5574521-309B-42E0-9D7A-555BD4C801BD}.Debug|x64.ActiveCfg = Debug|x64
		{D5574521-309B-42E0-9D7A-555BD4C801BD}.Debug|x64.Build.0 = Debug|x64
		{D5574521-309B-42E0-9D7A-555BD4C801BD}.Debug|x86.ActiveCfg = Debug|Win32
		{D5574521-309B-42E0-9D7A-555BD4C801BD}.Debug|x86.Build.0 = Debug|Win32
		{D5574521-309B-42E0-9D7A-555BD4C801BD}.Release|Any CPU.ActiveCfg = Release|Win32
		{D5574521-309B-42E0-9D7A-555BD4C801BD}.Release|x64.ActiveCfg = Release|x64
		{D5574521-309B-42E0-9D7A-555BD4C801BD}.Release|x64.Build.0 = Release|x64
		{D5574521-309B-42E0-9D7A-555BD4C801BD}.Release|x86.ActiveCfg = Release|Win32
		{D5574521-309B-42E0-9D7A-555BD4C801BD}.Release|x86.Build.0 = Release|Win32
		{73722ABB-5990-4129-B307-00D1944FE5F3}.Debug|Any CPU.ActiveCfg = Debug|Win32
		{73722ABB-5990-4129-B307-00D1944FE5F3}.Debug|x64.ActiveCfg = Debug|x64
		{73722ABB-5990-4129-B307-00D1944FE5F3}.Debug|x64.Build.0 = Debug|x64
		{73722ABB-5990-4129-B307-00D1944FE5F3}.Debug|x86.ActiveCfg = Debug|Win32
		{73722ABB-5990-4129-B307-00D1944FE5F3}.Debug|x86.Build.0 = Debug|Win32
		{73722ABB-5990-4129-B307-00D1944FE5F3}.Release|Any CPU.ActiveCfg = Release|Win32
		{73722ABB-5990-4129-B307-00D1944FE5F3}.Release|x64.ActiveCfg = Release|x64
		{73722ABB-5990-4129-B307-00D1944FE5F3}.Release|x64.Build.0 = Release|x64
		{73722ABB-5990-4129-B307-00D1944FE5F3}.Release|x86.ActiveCfg = Release|Win32
		{73722ABB-5990-4129-B307-00D1944FE5F3}.Release|x86.Build.0 = Release|Win32
		{F488BEEE-35D2-4975-8A37-8F0AC5FAD716}.Debug|Any CPU.ActiveCfg = Debug|Win32
		{F488BEEE-35D2-4975-8A37-8F0AC5FAD716}.Debug|x64.ActiveCfg = Debug|x64
		{F488BEEE-35D2-4975-8A37-8F0AC5FAD716}.Debug|x64.Build.0 = Debug|x64
		{F488BEEE-35D2-4975-8A37-8F0AC5FAD716}.Debug|x86.ActiveCfg = Debug|Win32
		{F488BEEE-35D2-4975-8A37-8F0AC5FAD716}.Debug|x86.Build.0 = Debug|Win32
		{F488BEEE-35D2-4975-8A37-8F0AC5FAD716}.Release|Any CPU.ActiveCfg = Release|Win32
		{F488BEEE-35D2-4975-8A37-8F0AC5FAD716}.Release|x64.ActiveCfg = Release|x64
		{F488BEEE-35D2-4975-8A37-8F0AC5FAD716}.Release|x64.Build.0 = Release|x64
		{F488BEEE-35D2-4975-8A37-8F0AC5FAD716}.Release|x86.ActiveCfg = Release|Win32
		{F488BEEE-35D2-4975-8A37-8F0AC5FAD716}.Release|x86.Build.0 = Release|Win32
		{C1A63423-CF8D-4EBF-B914-49C22709D789}.Debug|Any CPU.ActiveCfg = Debug|Win32
		{C1A63423-CF8D-4EBF-B914-49C22709D789}.Debug|x64.ActiveCfg = Debug|x64
		{C1A63423-CF8D-4EBF-B914-49C22709D789}.Debug|x64.Build.0 = Debug|x64
		{C1A63423-CF8D-4EBF-B914-49C22709D789}.Debug|x86.ActiveCfg = Debug|Win32
		{C1A63423-CF8D-4EBF-B914-49C22709D789}.Debug|x86.Build.0 = Debug|Win32
		{C1A63423-CF8D-4EBF-B914-49C22709D789}.Release|Any CPU.ActiveCfg = Release|Win32
		{C1A63423-CF8D-4EBF-B914-49C22709D789}.Release|x64.ActiveCfg = Release|x64
		{C1A63423-CF8D-4EBF-B914-49C22709D789}.Release|x64.Build.0 = Release|x64
		{C1A63423-CF8D-4EBF-B914-49C22709D789}.Release|x86.ActiveCfg = Release|Win32
		{C1A63423-CF8D-4EBF-B914-49C22709D789}.Release|x86.Build.0 = Release|Win32
		{A811FB81-5EA1-4BB3-A7C1-406275771805}.Debug|Any CPU.ActiveCfg = Debug|Win32
		{A811FB81-5EA1-4BB3-A7C1-406275771805}.Debug|x64.ActiveCfg = Debug|x64
		{A811FB81-5EA1-4BB3-A7C1-406275771805}.Debug|x64.Build.0 = Debug|x64
		{A811FB81-5EA1-4BB3-A7C1-406275771805}.Debug|x86.ActiveCfg = Debug|Win32
		{A811FB81-5EA1-4BB3-A7C1-406275771805}.Debug|x86.Build.0 = Debug|Win32
		{A811FB81-5EA1-4BB3-A7C1-406275771805}.Release|Any CPU.ActiveCfg = Release|Win32
		{A811FB81-5EA1-4BB3-A7C1-406275771805}.Release|x64.ActiveCfg = Release|x64
		{A811FB81-5EA1-4BB3-A7C1-406275771805}.Release|x64.Build.0 = Release|x64
		{A811FB81-5EA1-4BB3-A7C1-406275771805}.Release|x86.ActiveCfg = Release|Win32
		{A811FB81-5EA1-4BB3-A7C1-406275771805}.Release|x86.Build.0 = Release|Win32
		{4DDBF961-A101-45AA-848E-EF753F6B633F}.Debug|Any CPU.ActiveCfg = Debug|Win32
		{4DDBF961-A101-45AA-848E-EF753F6B633F}.Debug|x64.ActiveCfg = Debug|x64
		{4DDBF961-A101-45AA-848E-EF753F6B633F}.Debug|x64.Build.0 = Debug|x64
		{4DDBF961-A101-45AA-848E-EF753F6B633F}.Debug|x86.ActiveCfg = Debug|Win32
		{4DDBF961-A101-45AA-848E-EF753F6B633F}.Debug|x86.Build.0 = Debug|Win32
		{4DDBF961-A101-45AA-848E-EF753F6B633F}.Release|Any CPU.ActiveCfg = Release|Win32
		{4DDBF961-A101-45AA-848E-EF753F6B633F}.Release|x64.ActiveCfg = Release|x64
		{4DDBF961-A101-45AA-848E-EF753F6B633F}.Release|x64.Build.0 = Release|x64
		{4DDBF961-A101-45AA-848E-EF753F6B633F}.Release|x86.ActiveCfg = Release|Win32
		{4DDBF961-A101-45AA-848E-EF753F6B633F}.Release|x86.Build.0 = Release|Win32
		{DDCCE6EE-B6D2-4DF6-BAC3-ED67E1617201}.Debug|Any CPU.ActiveCfg = Debug|Win32
		{DDCCE6EE-B6D2-4DF6-BAC3-ED67E1617201}.Debug|x64.ActiveCfg = Debug|x64
		{DDCCE6EE-B6D2-4DF6-BAC3-ED67E1617201}.Debug|x64.Build.0 = Debug|x64
		{DDCCE6EE-B6D2-4DF6-BAC3-ED67E1617201}.Debug|x86.ActiveCfg = Debug|Win32
		{DDCCE6EE-B6D2-4DF6-BAC3-ED67E1617201}.Debug|x86.Build.0 = Debug|Win32
		{DDCCE6EE-B6D2-4DF6-BAC3-ED67E1617201}.Release|Any CPU.ActiveCfg = Release|Win32
		{DDCCE6EE-B6D2-4DF6-BAC3-ED67E1617201}.Release|x64.ActiveCfg = Release|x64
		{DDCCE6EE-B6D2-4DF6-BAC3-ED67E1617201}.Release|x64.Build.0 = Release|x64
		{DDCCE6EE-B6D2-4DF6-BAC3-ED67E1617201}.Release|x86.ActiveCfg = Release|Win32
		{DDCCE6EE-B6D2-4DF6-BAC3-ED67E1617201}.Release|x86.Build.0 = Release|Win32
		{73BD129F-E205-4900-A22F-20CD7735839B}.Debug|Any CPU.ActiveCfg = Debug|Win32
		{73BD129F-E205-4900-A22F-20CD7735839B}.Debug|x64.ActiveCfg = Debug|x64
		{73BD129F-E205-4900-A22F-20CD7735839B}.Debug|x64.Build.0 = Debug|x64
		{73BD129F-E205-4900-A22F-20CD7735839B}.Debug|x86.ActiveCfg = Debug|Win32
		{73BD129F-E205-4900-A22F-20CD7735839B}.Debug|x86.Build.0 = Debug|Win32
		{73BD129F-E205-4900-A22F-20CD7735839B}.Release|Any CPU.ActiveCfg = Release|Win32
		{73BD129F-E205-4900-A22F-20CD7735839B}.Release|x64.ActiveCfg = Release|x64
		{73BD129F-E205-4900-A22F-20CD7735839B}.Release|x64.Build.0 = Release|x64
		{73BD129F-E205-4900-A22F-20CD7735839B}.Release|x86.ActiveCfg = Release|Win32
		{73BD129F-E205-4900-A22F-20CD7735839B}.Release|x86.Build.0 = Release|Win32
		{4B66A639-D0E6-41F2-BF63-5C4162175D71}.Debug|Any CPU.ActiveCfg = Debug|Win32
		{4B66A639-D0E6-41F2-BF63-5C4162175D71}.Debug|x64.ActiveCfg = Debug|x64
		{4B66A639-D0E6-41F2-BF63-5C4162175D71}.Debug|x64.Build.0 = Debug|x64
		{4B66A639-D0E6-41F2-BF63-5C4162175D71}.Debug|x86.ActiveCfg = Debug|Win32
		{4B66A639-D0E6-41F2-BF63-5C4162175D71}.Debug|x86.Build.0 = Debug|Win32
		{4B66A639-D0E6-41F2-BF63-5C4162175D71}.Release|Any CPU.ActiveCfg = Release|Win32
		{4B66A639-D0E6-41F2-BF63-5C4162175D71}.Release|x64.ActiveCfg = Release|x64
		{4B66A639-D0E6-41F2-BF63-5C4162175D71}.Release|x64.Build.0 = Release|x64
		{4B66A639-D0E6-41F2-BF63-5C4162175D71}.Release|x86.ActiveCfg = Release|Win32
		{4B66A639-D0E6-41F2-BF63-5C4162175D71}.Release|x86.Build.0 = Release|Win32
		{E9060EEB-AD3B-4688-9F14-AC5BB760490F}.Debug|Any CPU.ActiveCfg = Debug|Win32
		{E9060EEB-AD3B-4688-9F14-AC5BB760490F}.Debug|x64.ActiveCfg = Debug|x64
		{E9060EEB-AD3B-4688-9F14-AC5BB760490F}.Debug|x64.Build.0 = Debug|x64
		{E9060EEB-AD3B-4688-9F14-AC5BB760490F}.Debug|x86.ActiveCfg = Debug|Win32
		{E9060EEB-AD3B-4688-9F14-AC5BB760490F}.Debug|x86.Build.0 = Debug|Win32
		{E9060EEB-AD3B-4688-9F14-AC5BB760490F}.Release|Any CPU.ActiveCfg = Release|Win32
		{E9060EEB-AD3B-4688-9F14-AC5BB760490F}.Release|x64.ActiveCfg = Release|x64
		{E9060EEB-AD3B-4688-9F14-AC5BB760490F}.Release|x64.Build.0 = Release|x64
		{E9060EEB-AD3B-4688-9F14-AC5BB760490F}.Release|x86.ActiveCfg = Release|Win32
		{E9060EEB-AD3B-4688-9F14-AC5BB760490F}.Release|x86.Build.0 = Release|Win32
		{12ABC86C-E446-4D2E-8E5C-68A0A497C8B5}.Debug|Any CPU.ActiveCfg = Debug|Win32
		{12ABC86C-E446-4D2E-8E5C-68A0A497C8B5}.Debug|x64.ActiveCfg = Debug|x64
		{12ABC86C-E446-4D2E-8E5C-68A0A497C8B5}.Debug|x64.Build.0 = Debug|x64
		{12ABC86C-E446-4D2E-8E5C-68A0A497C8B5}.Debug|x86.ActiveCfg = Debug|Win32
		{12ABC86C-E446-4D2E-8E5C-68A0A497C8B5}.Debug|x86.Build.0 = Debug|Win32
		{12ABC86C-E446-4D2E-8E5C-68A0A497C8B5}.Release|Any CPU.ActiveCfg = Release|Win32
		{12ABC86C-E446-4D2E-8E5C-68A0A497C8B5}.Release|x64.ActiveCfg = Release|x64
		{12ABC86C-E446-4D2E-8E5C-68A0A497C8B5}.Release|x64.Build.0 = Release|x64
		{12ABC86C-E446-4D2E-8E5C-68A0A497C8B5}.Release|x86.ActiveCfg = Release|Win32
		{12ABC86C-E446-4D2E-8E5C-68A0A497C8B5}.Release|x86.Build.0 = Release|Win32
		{BF335A41-0933-4D0A-9802-ACF582509EF0}.Debug|Any CPU.ActiveCfg = Debug|Win32
		{BF335A41-0933-4D0A-9802-ACF582509EF0}.Debug|x64.ActiveCfg = Debug|x64
		{BF335A41-0933-4D0A-9802-ACF582509EF0}.Debug|x64.Build.0 = Debug|x64
		{BF335A41-0933-4D0A-9802-ACF582509EF0}.Debug|x86.ActiveCfg = Debug|Win32
		{BF335A41-0933-4D0A-9802-ACF582509EF0}.Debug|x86.Build.0 = Debug|Win32
		{BF335A41-0933-4D0A-9802-ACF582509EF0}.Release|Any CPU.ActiveCfg = Release|Win32
		{BF335A41-0933-4D0A-9802-ACF582509EF0}.Release|x64.ActiveCfg = Release|x64
		{BF335A41-0933-4D0A-9802-ACF582509EF0}.Release|x64.Build.0 = Release|x64
		{BF335A41-0933-4D0A-9802-ACF582509EF0}.Release|x86.ActiveCfg = Release|Win32
		{BF335A41-0933-4D0A-9802-ACF582509EF0}.Release|x86.Build.0 = Release|Win32
		{B7F8CE9F-E191-42C9-A08D-DE30667A9ACE}.Debug|Any CPU.ActiveCfg = Debug|Win32
		{B7F8CE9F-E191-42C9-A08D-DE30667A9ACE}.Debug|x64.ActiveCfg = Debug|x64
		{B7F8CE9F-E191-42C9-A08D-DE30667A9ACE}.Debug|x64.Build.0 = Debug|x64
		{B7F8CE9F-E191-42C9-A08D-DE30667A9ACE}.Debug|x86.ActiveCfg = Debug|Win32
		{B7F8CE9F-E191-42C9-A08D-DE30667A9ACE}.Debug|x86.Build.0 = Debug|Win32
		{B7F8CE9F-E191-42C9-A08D-DE30667A9ACE}.Release|Any CPU.ActiveCfg = Release|Win32
		{B7F8CE9F-E191-42C9-A08D-DE30667A9ACE}.Release|x64.ActiveCfg = Release|x64
		{B7F8CE9F-E191-42C9-A08D-DE30667A9ACE}.Release|x64.Build.0 = Release|x64
		{B7F8CE9F-E191-42C9-A08D-DE30667A9ACE}.Release|x86.ActiveCfg = Release|Win32
		{B7F8CE9F-E191-42C9-A08D-DE30667A9ACE}.Release|x86.Build.0 = Release|Win32
		{8F6FECA1-85E2-460E-85D6-838A525CC1F0}.Debug|Any CPU.ActiveCfg = Debug|Win32
		{8F6FECA1-85E2-460E-85D6-838A525CC1F0}.Debug|x64.ActiveCfg = Debug|x64
		{8F6FECA1-85E2-460E-85D6-838A525CC1F0}.Debug|x64.Build.0 = Debug|x64
		{8F6FECA1-85E2-460E-85D6-838A525CC1F0}.Debug|x86.ActiveCfg = Debug|Win32
		{8F6FECA1-85E2-460E-85D6-838A525CC1F0}.Debug|x86.Build.0 = Debug|Win32
		{8F6FECA1-85E2-460E-85D6-838A525CC1F0}.Release|Any CPU.ActiveCfg = Release|Win32
		{8F6FECA1-85E2-460E-85D6-838A525CC1F0}.Release|x64.ActiveCfg = Release|x64
		{8F6FECA1-85E2-460E-85D6-838A525CC1F0}.Release|x64.Build.0 = Release|x64
		{8F6FECA1-85E2-460E-85D6-838A525CC1F0}.Release|x86.ActiveCfg = Release|Win32
		{8F6FECA1-85E2-460E-85D6-838A525CC1F0}.Release|x86.Build.0 = Release|Win32
		{12B14C69-5A1F-40AC-BF92-6139192EB571}.Debug|Any CPU.ActiveCfg = Debug|Win32
		{12B14C69-5A1F-40AC-BF92-6139192EB571}.Debug|x64.ActiveCfg = Debug|x64
		{12B14C69-5A1F-40AC-BF92-6139192EB571}.Debug|x64.Build.0 = Debug|x64
		{12B14C69-5A1F-40AC-BF92-6139192EB571}.Debug|x86.ActiveCfg = Debug|Win32
		{12B14C69-5A1F-40AC-BF92-6139192EB571}.Debug|x86.Build.0 = Debug|Win32
		{12B14C69-5A1F-40AC-BF92-6139192EB571}.Release|Any CPU.ActiveCfg = Release|Win32
		{12B14C69-5A1F-40AC-BF92-6139192EB571}.Release|x64.ActiveCfg = Release|x64
		{12B14C69-5A1F-40AC-BF92-6139192EB571}.Release|x64.Build.0 = Release|x64
		{12B14C69-5A1F-40AC-BF92-6139192EB571}.Release|x86.ActiveCfg = Release|Win32
		{12B14C69-5A1F-40AC-BF92-6139192EB571}.Release|x86.Build.0 = Release|Win32
		{E2505E03-BBF6-4443-ACF2-100EFAE8803C}.Debug|Any CPU.ActiveCfg = Debug|Win32
		{E2505E03-BBF6-4443-ACF2-100EFAE8803C}.Debug|x64.ActiveCfg = Debug|x64
		{E2505E03-BBF6-4443-ACF2-100EFAE8803C}.Debug|x64.Build.0 = Debug|x64
		{E2505E03-BBF6-4443-ACF2-100EFAE8803C}.Debug|x86.ActiveCfg = Debug|Win32
		{E2505E03-BBF6-4443-ACF2-100EFAE8803C}.Debug|x86.Build.0 = Debug|Win32
		{E2505E03-BBF6-4443-ACF2-100EFAE8803C}.Release|Any CPU.ActiveCfg = Release|Win32
		{E2505E03-BBF6-4443-ACF2-100EFAE8803C}.Release|x64.ActiveCfg = Release|x64
		{E2505E03-BBF6-4443-ACF2-100EFAE8803C}.Release|x64.Build.0 = Release|x64
		{E2505E03-BBF6-4443-ACF2-100EFAE8803C}.Release|x86.ActiveCfg = Release|Win32
		{E2505E03-BBF6-4443-ACF2-100EFAE8803C}.Release|x86.Build.0 = Release|Win32
		{3DD158BD-6768-40F0-A0B4-333850E0E10D}.Debug|Any CPU.ActiveCfg = Debug|Win32
		{3DD158BD-6768-40F0-A0B4-333850E0E10D}.Debug|x64.ActiveCfg = Debug|x64
		{3DD158BD-6768-40F0-A0B4-333850E0E10D}.Debug|x64.Build.0 = Debug|x64
		{3DD158BD-6768-40F0-A0B4-333850E0E10D}.Debug|x86.ActiveCfg = Debug|Win32
		{3DD158BD-6768-40F0-A0B4-333850E0E10D}.Debug|x86.Build.0 = Debug|Win32
		{3DD158BD-6768-40F0-A0B4-333850E0E10D}.Release|Any CPU.ActiveCfg = Release|Win32
		{3DD158BD-6768-40F0-A0B4-333850E0E10D}.Release|x64.ActiveCfg = Release|x64
		{3DD158BD-6768-40F0-A0B4-333850E0E10D}.Release|x64.Build.0 = Release|x64
		{3DD158BD-6768-40F0-A0B4-333850E0E10D}.Release|x86.ActiveCfg = Release|Win32
		{3DD158BD-6768-40F0-A0B4-333850E0E10D}.Release|x86.Build.0 = Release|Win32
		{75450797-5EAE-44AC-AAD1-61CB34264957}.Debug|Any CPU.ActiveCfg = Debug|Win32
		{75450797-5EAE-44AC-AAD1-61CB34264957}.Debug|x64.ActiveCfg = Debug|x64
		{75450797-5EAE-44AC-AAD1-61CB34264957}.Debug|x64.Build.0 = Debug|x64
		{75450797-5EAE-44AC-AAD1-61CB34264957}.Debug|x86.ActiveCfg = Debug|Win32
		{75450797-5EAE-44AC-AAD1-61CB34264957}.Debug|x86.Build.0 = Debug|Win32
		{75450797-5EAE-44AC-AAD1-61CB34264957}.Release|Any CPU.ActiveCfg = Release|Win32
		{75450797-5EAE-44AC-AAD1-61CB34264957}.Release|x64.ActiveCfg = Release|x64
		{75450797-5EAE-44AC-AAD1-61CB34264957}.Release|x64.Build.0 = Release|x64
		{75450797-5EAE-44AC-AAD1-61CB34264957}.Release|x86.ActiveCfg = Release|Win32
		{75450797-5EAE-44AC-AAD1-61CB34264957}.Release|x86.Build.0 = Release|Win32
		{665CDD6E-DA59-4AAE-96C6-7AC0804B3FC6}.Debug|Any CPU.ActiveCfg = Debug|Win32
		{665CDD6E-DA59-4AAE-96C6-7AC0804B3FC6}.Debug|x64.ActiveCfg = Debug|x64
		{665CDD6E-DA59-4AAE-96C6-7AC0804B3FC6}.Debug|x64.Build.0 = Debug|x64
		{665CDD6E-DA59-4AAE-96C6-7AC0804B3FC6}.Debug|x86.ActiveCfg = Debug|Win32
		{665CDD6E-DA59-4AAE-96C6-7AC0804B3FC6}.Debug|x86.Build.0 = Debug|Win32
		{665CDD6E-DA59-4AAE-96C6-7AC0804B3FC6}.Release|Any CPU.ActiveCfg = Release|Win32
		{665CDD6E-DA59-4AAE-96C6-7AC0804B3FC6}.Release|x64.ActiveCfg = Release|x64
		{665CDD6E-DA59-4AAE-96C6-7AC0804B3FC6}.Release|x64.Build.0 = Release|x64
		{665CDD6E-DA59-4AAE-96C6-7AC0804B3FC6}.Release|x86.ActiveCfg = Release|Win32
		{665CDD6E-DA59-4AAE-96C6-7AC0804B3FC6}.Release|x86.Build.0 = Release|Win32
		{5B3F9026-0169-45B4-AB42-E32582C8F46F}.Debug|Any CPU.ActiveCfg = Debug|Win32
		{5B3F9026-0169-45B4-AB42-E32582C8F46F}.Debug|x64.ActiveCfg = Debug|x64
		{5B3F9026-0169-45B4-AB42-E32582C8F46F}.Debug|x64.Build.0 = Debug|x64
		{5B3F9026-0169-45B4-AB42-E32582C8F46F}.Debug|x86.ActiveCfg = Debug|Win32
		{5B3F9026-0169-45B4-AB42-E32582C8F46F}.Debug|x86.Build.0 = Debug|Win32
		{5B3F9026-0169-45B4-AB42-E32582C8F46F}.Release|Any CPU.ActiveCfg = Release|Win32
		{5B3F9026-0169-45B4-AB42-E32582C8F46F}.Release|x64.ActiveCfg = Release|x64
		{5B3F9026-0169-45B4-AB42-E32582C8F46F}.Release|x64.Build.0 = Release|x64
		{5B3F9026-0169-45B4-AB42-E32582C8F46F}.Release|x86.ActiveCfg = Release|Win32
		{5B3F9026-0169-45B4-AB42-E32582C8F46F}.Release|x86.Build.0 = Release|Win32
		{5B249EC6-007A-44A9-B6A0-2B2BDE0FF802}.Debug|Any CPU.ActiveCfg = Debug|Win32
		{5B249EC6-007A-44A9-B6A0-2B2BDE0FF802}.Debug|x64.ActiveCfg = Debug|x64
		{5B249EC6-007A-44A9-B6A0-2B2BDE0FF802}.Debug|x64.Build.0 = Debug|x64
		{5B249EC6-007A-44A9-B6A0-2B2BDE0FF802}.Debug|x86.ActiveCfg = Debug|Win32
		{5B249EC6-007A-44A9-B6A0-2B2BDE0FF802}.Debug|x86.Build.0 = Debug|Win32
		{5B249EC6-007A-44A9-B6A0-2B2BDE0FF802}.Release|Any CPU.ActiveCfg = Release|Win32
		{5B249EC6-007A-44A9-B6A0-2B2BDE0FF802}.Release|x64.ActiveCfg = Release|x64
		{5B249EC6-007A-44A9-B6A0-2B2BDE0FF802}.Release|x64.Build.0 = Release|x64
		{5B249EC6-007A-44A9-B6A0-2B2BDE0FF802}.Release|x86.ActiveCfg = Release|Win32
		{5B249EC6-007A-44A9-B6A0-2B2BDE0FF802}.Release|x86.Build.0 = Release|Win32
		{B1EC49B2-102E-4514-BF68-C2D987DF7164}.Debug|Any CPU.ActiveCfg = Debug|Win32
		{B1EC49B2-102E-4514-BF68-C2D987DF7164}.Debug|x64.ActiveCfg = Debug|x64
		{B1EC49B2-102E-4514-BF68-C2D987DF7164}.Debug|x64.Build.0 = Debug|x64
		{B1EC49B2-102E-4514-BF68-C2D987DF7164}.Debug|x86.ActiveCfg = Debug|Win32
		{B1EC49B2-102E-4514-BF68-C2D987DF7164}.Debug|x86.Build.0 = Debug|Win32
		{B1EC49B2-102E-4514-BF68-C2D987DF7164}.Release|Any CPU.ActiveCfg = Release|Win32
		{B1EC49B2-102E-4514-BF68-C2D987DF7164}.Release|x64.ActiveCfg = Release|x64
		{B1EC49B2-102E-4514-BF68-C2D987DF7164}.Release|x64.Build.0 = Release|x64
		{B1EC49B2-102E-4514-BF68-C2D987DF7164}.Release|x86.ActiveCfg = Release|Win32
		{B1EC49B2-102E-4514-BF68-C2D987DF7164}.Release|x86.Build.0 = Release|Win32
		{02CE21CD-1E46-4CFC-A699-2158C51D0221}.Debug|Any CPU.ActiveCfg = Debug|Win32
		{02CE21CD-1E46-4CFC-A699-2158C51D0221}.Debug|x64.ActiveCfg = Debug|x64
		{02CE21CD-1E46-4CFC-A699-2158C51D0221}.Debug|x64.Build.0 = Debug|x64
		{02CE21CD-1E46-4CFC-A699-2158C51D0221}.Debug|x86.ActiveCfg = Debug|Win32
		{02CE21CD-1E46-4CFC-A699-2158C51D0221}.Debug|x86.Build.0 = Debug|Win32
		{02CE21CD-1E46-4CFC-A699-2158C51D0221}.Release|Any CPU.ActiveCfg = Release|Win32
		{02CE21CD-1E46-4CFC-A699-2158C51D0221}.Release|x64.ActiveCfg = Release|x64
		{02CE21CD-1E46-4CFC-A699-2158C51D0221}.Release|x64.Build.0 = Release|x64
		{02CE21CD-1E46-4CFC-A699-2158C51D0221}.Release|x86.ActiveCfg = Release|Win32
		{02CE21CD-1E46-4CFC-A699-2158C51D0221}.Release|x86.Build.0 = Release|Win32
		{D2AB4426-E770-44C7-B780-CA321C6B99CC}.Debug|Any CPU.ActiveCfg = Debug|Win32
		{D2AB4426-E770-44C7-B780-CA321C6B99CC}.Debug|x64.ActiveCfg = Debug|x64
		{D2AB4426-E770-44C7-B780-CA321C6B99CC}.Debug|x64.Build.0 = Debug|x64
		{D2AB4426-E770-44C7-B780-CA321C6B99CC}.Debug|x86.ActiveCfg = Debug|Win32
		{D2AB4426-E770-44C7-B780-CA321C6B99CC}.Debug|x86.Build.0 = Debug|Win32
		{D2AB4426-E770-44C7-B780-CA321C6B99CC}.Release|Any CPU.ActiveCfg = Release|Win32
		{D2AB4426-E770-44C7-B780-CA321C6B99CC}.Release|x64.ActiveCfg = Release|x64
		{D2AB4426-E770-44C7-B780-CA321C6B99CC}.Release|x64.Build.0 = Release|x64
		{D2AB4426-E770-44C7-B780-CA321C6B99CC}.Release|x86.ActiveCfg = Release|Win32
		{D2AB4426-E770-44C7-B780-CA321C6B99CC}.Release|x86.Build.0 = Release|Win32
		{E27D6926-A3A9-4737-8060-893FF9AE3711}.Debug|Any CPU.ActiveCfg = Debug|Win32
		{E27D6926-A3A9-4737-8060-893FF9AE3711}.Debug|x64.ActiveCfg = Debug|x64
		{E27D6926-A3A9-4737-8060-893FF9AE3711}.Debug|x64.Build.0 = Debug|x64
		{E27D6926-A3A9-4737-8060-893FF9AE3711}.Debug|x86.ActiveCfg = Debug|Win32
		{E27D6926-A3A9-4737-8060-893FF9AE3711}.Debug|x86.Build.0 = Debug|Win32
		{E27D6926-A3A9-4737-8060-893FF9AE3711}.Release|Any CPU.ActiveCfg = Release|Win32
		{E27D6926-A3A9-4737-8060-893FF9AE3711}.Release|x64.ActiveCfg = Release|x64
		{E27D6926-A3A9-4737-8060-893FF9AE3711}.Release|x64.Build.0 = Release|x64
		{E27D6926-A3A9-4737-8060-893FF9AE3711}.Release|x86.ActiveCfg = Release|Win32
		{E27D6926-A3A9-4737-8060-893FF9AE3711}.Release|x86.Build.0 = Release|Win32
		{2A661CBF-62A7-4C02-AF55-C96C80CFDEC4}.Debug|Any CPU.ActiveCfg = Debug|Win32
		{2A661CBF-62A7-4C02-AF55-C96C80CFDEC4}.Debug|x64.ActiveCfg = Debug|x64
		{2A661CBF-62A7-4C02-AF55-C96C80CFDEC4}.Debug|x64.Build.0 = Debug|x64
		{2A661CBF-62A7-4C02-AF55-C96C80CFDEC4}.Debug|x86.ActiveCfg = Debug|Win32
		{2A661CBF-62A7-4C02-AF55-C96C80CFDEC4}.Debug|x86.Build.0 = Debug|Win32
		{2A661CBF-62A7-4C02-AF55-C96C80CFDEC4}.Release|Any CPU.ActiveCfg = Release|Win32
		{2A661CBF-62A7-4C02-AF55-C96C80CFDEC4}.Release|x64.ActiveCfg = Release|x64
		{2A661CBF-62A7-4C02-AF55-C96C80CFDEC4}.Release|x64.Build.0 = Release|x64
		{2A661CBF-62A7-4C02-AF55-C96C80CFDEC4}.Release|x86.ActiveCfg = Release|Win32
		{2A661CBF-62A7-4C02-AF55-C96C80CFDEC4}.Release|x86.Build.0 = Release|Win32
		{50AFA5BA-BC70-4EE5-80A9-D06D56B697B2}.Debug|Any CPU.ActiveCfg = Debug|Win32
		{50AFA5BA-BC70-4EE5-80A9-D06D56B697B2}.Debug|x64.ActiveCfg = Debug|x64
		{50AFA5BA-BC70-4EE5-80A9-D06D56B697B2}.Debug|x64.Build.0 = Debug|x64
		{50AFA5BA-BC70-4EE5-80A9-D06D56B697B2}.Debug|x86.ActiveCfg = Debug|Win32
		{50AFA5BA-BC70-4EE5-80A9-D06D56B697B2}.Debug|x86.Build.0 = Debug|Win32
		{50AFA5BA-BC70-4EE5-80A9-D06D56B697B2}.Release|Any CPU.ActiveCfg = Release|Win32
		{50AFA5BA-BC70-4EE5-80A9-D06D56B697B2}.Release|x64.ActiveCfg = Release|x64
		{50AFA5BA-BC70-4EE5-80A9-D06D56B697B2}.Release|x64.Build.0 = Release|x64
		{50AFA5BA-BC70-4EE5-80A9-D06D56B697B2}.Release|x86.ActiveCfg = Release|Win32
		{50AFA5BA-BC70-4EE5-80A9-D06D56B697B2}.Release|x86.Build.0 = Release|Win32
		{0C02C0A6-5971-4AA9-B2AF-5AB9150CAA4D}.Debug|Any CPU.ActiveCfg = Debug|Win32
		{0C02C0A6-5971-4AA9-B2AF-5AB9150CAA4D}.Debug|x64.ActiveCfg = Debug|x64
		{0C02C0A6-5971-4AA9-B2AF-5AB9150CAA4D}.Debug|x64.Build.0 = Debug|x64
		{0C02C0A6-5971-4AA9-B2AF-5AB9150CAA4D}.Debug|x86.ActiveCfg = Debug|Win32
		{0C02C0A6-5971-4AA9-B2AF-5AB9150CAA4D}.Debug|x86.Build.0 = Debug|Win32
		{0C02C0A6-5971-4AA9-B2AF-5AB9150CAA4D}.Release|Any CPU.ActiveCfg = Release|Win32
		{0C02C0A6-5971-4AA9-B2AF-5AB9150CAA4D}.Release|x64.ActiveCfg = Release|x64
		{0C02C0A6-5971-4AA9-B2AF-5AB9150CAA4D}.Release|x64.Build.0 = Release|x64
		{0C02C0A6-5971-4AA9-B2AF-5AB9150CAA4D}.Release|x86.ActiveCfg = Release|Win32
		{0C02C0A6-5971-4AA9-B2AF-5AB9150CAA4D}.Release|x86.Build.0 = Release|Win32
		{421C0576-1D00-4829-BC30-07985FFDFAF6}.Debug|Any CPU.ActiveCfg = Debug|Win32
		{421C0576-1D00-4829-BC30-07985FFDFAF6}.Debug|x64.ActiveCfg = Debug|x64
		{421C0576-1D00-4829-BC30-07985FFDFAF6}.Debug|x64.Build.0 = Debug|x64
		{421C0576-1D00-4829-BC30-07985FFDFAF6}.Debug|x86.ActiveCfg = Debug|Win32
		{421C0576-1D00-4829-BC30-07985FFDFAF6}.Debug|x86.Build.0 = Debug|Win32
		{421C0576-1D00-4829-BC30-07985FFDFAF6}.Release|Any CPU.ActiveCfg = Release|Win32
		{421C0576-1D00-4829-BC30-07985FFDFAF6}.Release|x64.ActiveCfg = Release|x64
		{421C0576-1D00-4829-BC30-07985FFDFAF6}.Release|x64.Build.0 = Release|x64
		{421C0576-1D00-4829-BC30-07985FFDFAF6}.Release|x86.ActiveCfg = Release|Win32
		{421C0576-1D00-4829-BC30-07985FFDFAF6}.Release|x86.Build.0 = Release|Win32
		{3566E4A2-22EF-432E-A6DA-CF9FE6AB9B78}.Debug|Any CPU.ActiveCfg = Debug|Win32
		{3566E4A2-22EF-432E-A6DA-CF9FE6AB9B78}.Debug|x64.ActiveCfg = Debug|x64
		{3566E4A2-22EF-432E-A6DA-CF9FE6AB9B78}.Debug|x64.Build.0 = Debug|x64
		{3566E4A2-22EF-432E-A6DA-CF9FE6AB9B78}.Debug|x86.ActiveCfg = Debug|Win32
		{3566E4A2-22EF-432E-A6DA-CF9FE6AB9B78}.Debug|x86.Build.0 = Debug|Win32
		{3566E4A2-22EF-432E-A6DA-CF9FE6AB9B78}.Release|Any CPU.ActiveCfg = Release|Win32
		{3566E4A2-22EF-432E-A6DA-CF9FE6AB9B78}.Release|x64.ActiveCfg = Release|x64
		{3566E4A2-22EF-432E-A6DA-CF9FE6AB9B78}.Release|x64.Build.0 = Release|x64
		{3566E4A2-22EF-432E-A6DA-CF9FE6AB9B78}.Release|x86.ActiveCfg = Release|Win32
		{3566E4A2-22EF-432E-A6DA-CF9FE6AB9B78}.Release|x86.Build.0 = Release|Win32
		{5E2F4A62-AA35-4E50-B57F-AC7E3BF76F0C}.Debug|Any CPU.ActiveCfg = Debug|Win32
		{5E2F4A62-AA35-4E50-B57F-AC7E3BF76F0C}.Debug|x64.ActiveCfg = Debug|x64
		{5E2F4A62-AA35-4E50-B57F-AC7E3BF76F0C}.Debug|x64.Build.0 = Debug|x64
		{5E2F4A62-AA35-4E50-B57F-AC7E3BF76F0C}.Debug|x86.ActiveCfg = Debug|Win32
		{5E2F4A62-AA35-4E50-B57F-AC7E3BF76F0C}.Debug|x86.Build.0 = Debug|Win32
		{5E2F4A62-AA35-4E50-B57F-AC7E3BF76F0C}.Release|Any CPU.ActiveCfg = Release|Win32
		{5E2F4A62-AA35-4E50-B57F-AC7E3BF76F0C}.Release|x64.ActiveCfg = Release|x64
		{5E2F4A62-AA35-4E50-B57F-AC7E3BF76F0C}.Release|x64.Build.0 = Release|x64
		{5E2F4A62-AA35-4E50-B57F-AC7E3BF76F0C}.Release|x86.ActiveCfg = Release|Win32
		{5E2F4A62-AA35-4E50-B57F-AC7E3BF76F0C}.Release|x86.Build.0 = Release|Win32
		{282819A9-A312-4828-9BA8-76A057B354B0}.Debug|Any CPU.ActiveCfg = Debug|Win32
		{282819A9-A312-4828-9BA8-76A057B354B0}.Debug|x64.ActiveCfg = Debug|x64
		{282819A9-A312-4828-9BA8-76A057B354B0}.Debug|x64.Build.0 = Debug|x64
		{282819A9-A312-4828-9BA8-76A057B354B0}.Debug|x86.ActiveCfg = Debug|Win32
		{282819A9-A312-4828-9BA8-76A057B354B0}.Debug|x86.Build.0 = Debug|Win32
		{282819A9-A312-4828-9BA8-76A057B354B0}.Release|Any CPU.ActiveCfg = Release|Win32
		{282819A9-A312-4828-9BA8-76A057B354B0}.Release|x64.ActiveCfg = Release|x64
		{282819A9-A312-4828-9BA8-76A057B354B0}.Release|x64.Build.0 = Release|x64
		{282819A9-A312-4828-9BA8-76A057B354B0}.Release|x86.ActiveCfg = Release|Win32
		{282819A9-A312-4828-9BA8-76A057B354B0}.Release|x86.Build.0 = Release|Win32
		{FA1E5BAE-265B-4CF1-ADE9-CDFF829C0048}.Debug|Any CPU.ActiveCfg = Debug|Win32
		{FA1E5BAE-265B-4CF1-ADE9-CDFF829C0048}.Debug|x64.ActiveCfg = Debug|x64
		{FA1E5BAE-265B-4CF1-ADE9-CDFF829C0048}.Debug|x64.Build.0 = Debug|x64
		{FA1E5BAE-265B-4CF1-ADE9-CDFF829C0048}.Debug|x86.ActiveCfg = Debug|Win32
		{FA1E5BAE-265B-4CF1-ADE9-CDFF829C0048}.Debug|x86.Build.0 = Debug|Win32
		{FA1E5BAE-265B-4CF1-ADE9-CDFF829C0048}.Release|Any CPU.ActiveCfg = Release|Win32
		{FA1E5BAE-265B-4CF1-ADE9-CDFF829C0048}.Release|x64.ActiveCfg = Release|x64
		{FA1E5BAE-265B-4CF1-ADE9-CDFF829C0048}.Release|x64.Build.0 = Release|x64
		{FA1E5BAE-265B-4CF1-ADE9-CDFF829C0048}.Release|x86.ActiveCfg = Release|Win32
		{FA1E5BAE-265B-4CF1-ADE9-CDFF829C0048}.Release|x86.Build.0 = Release|Win32
		{FA7854E3-F6EC-4BA6-93C8-383448FFCA0D}.Debug|Any CPU.ActiveCfg = Debug|Win32
		{FA7854E3-F6EC-4BA6-93C8-383448FFCA0D}.Debug|x64.ActiveCfg = Debug|x64
		{FA7854E3-F6EC-4BA6-93C8-383448FFCA0D}.Debug|x64.Build.0 = Debug|x64
		{FA7854E3-F6EC-4BA6-93C8-383448FFCA0D}.Debug|x86.ActiveCfg = Debug|Win32
		{FA7854E3-F6EC-4BA6-93C8-383448FFCA0D}.Debug|x86.Build.0 = Debug|Win32
		{FA7854E3-F6EC-4BA6-93C8-383448FFCA0D}.Release|Any CPU.ActiveCfg = Release|Win32
		{FA7854E3-F6EC-4BA6-93C8-383448FFCA0D}.Release|x64.ActiveCfg = Release|x64
		{FA7854E3-F6EC-4BA6-93C8-383448FFCA0D}.Release|x64.Build.0 = Release|x64
		{FA7854E3-F6EC-4BA6-93C8-383448FFCA0D}.Release|x86.ActiveCfg = Release|Win32
		{FA7854E3-F6EC-4BA6-93C8-383448FFCA0D}.Release|x86.Build.0 = Release|Win32
		{23BA8511-D277-43E7-B1A5-0325CFA5CC8F}.Debug|Any CPU.ActiveCfg = Debug|Win32
		{23BA8511-D277-43E7-B1A5-0325CFA5CC8F}.Debug|x64.ActiveCfg = Debug|x64
		{23BA8511-D277-43E7-B1A5-0325CFA5CC8F}.Debug|x64.Build.0 = Debug|x64
		{23BA8511-D277-43E7-B1A5-0325CFA5CC8F}.Debug|x86.ActiveCfg = Debug|Win32
		{23BA8511-D277-43E7-B1A5-0325CFA5CC8F}.Debug|x86.Build.0 = Debug|Win32
		{23BA8511-D277-43E7-B1A5-0325CFA5CC8F}.Release|Any CPU.ActiveCfg = Release|Win32
		{23BA8511-D277-43E7-B1A5-0325CFA5CC8F}.Release|x64.ActiveCfg = Release|x64
		{23BA8511-D277-43E7-B1A5-0325CFA5CC8F}.Release|x64.Build.0 = Release|x64
		{23BA8511-D277-43E7-B1A5-0325CFA5CC8F}.Release|x86.ActiveCfg = Release|Win32
		{23BA8511-D277-43E7-B1A5-0325CFA5CC8F}.Release|x86.Build.0 = Release|Win32
		{89DEEF3D-1A47-4B16-B709-ADBC36C5D0E8}.Debug|Any CPU.ActiveCfg = Debug|Win32
		{89DEEF3D-1A47-4B16-B709-ADBC36C5D0E8}.Debug|x64.ActiveCfg = Debug|x64
		{89DEEF3D-1A47-4B16-B709-ADBC36C5D0E8}.Debug|x64.Build.0 = Debug|x64
		{89DEEF3D-1A47-4B16-B709-ADBC36C5D0E8}.Debug|x86.ActiveCfg = Debug|Win32
		{89DEEF3D-1A47-4B16-B709-ADBC36C5D0E8}.Debug|x86.Build.0 = Debug|Win32
		{89DEEF3D-1A47-4B16-B709-ADBC36C5D0E8}.Release|Any CPU.ActiveCfg = Release|Win32
		{89DEEF3D-1A47-4B16-B709-ADBC36C5D0E8}.Release|x64.ActiveCfg = Release|x64
		{89DEEF3D-1A47-4B16-B709-ADBC36C5D0E8}.Release|x64.Build.0 = Release|x64
		{89DEEF3D-1A47-4B16-B709-ADBC36C5D0E8}.Release|x86.ActiveCfg = Release|Win32
		{89DEEF3D-1A47-4B16-B709-ADBC36C5D0E8}.Release|x86.Build.0 = Release|Win32
		{1BDCDBDA-F31B-4E73-8D77-DBE2B95B40FE}.Debug|Any CPU.ActiveCfg = Debug|Win32
		{1BDCDBDA-F31B-4E73-8D77-DBE2B95B40FE}.Debug|x64.ActiveCfg = Debug|x64
		{1BDCDBDA-F31B-4E73-8D77-DBE2B95B40FE}.Debug|x64.Build.0 = Debug|x64
		{1BDCDBDA-F31B-4E73-8D77-DBE2B95B40FE}.Debug|x86.ActiveCfg = Debug|Win32
		{1BDCDBDA-F31B-4E73-8D77-DBE2B95B40FE}.Debug|x86.Build.0 = Debug|Win32
		{1BDCDBDA-F31B-4E73-8D77-DBE2B95B40FE}.Release|Any CPU.ActiveCfg = Release|Win32
		{1BDCDBDA-F31B-4E73-8D77-DBE2B95B40FE}.Release|x64.ActiveCfg = Release|x64
		{1BDCDBDA-F31B-4E73-8D77-DBE2B95B40FE}.Release|x64.Build.0 = Release|x64
		{1BDCDBDA-F31B-4E73-8D77-DBE2B95B40FE}.Release|x86.ActiveCfg = Release|Win32
		{1BDCDBDA-F31B-4E73-8D77-DBE2B95B40FE}.Release|x86.Build.0 = Release|Win32
		{938E5F48-1924-405F-A428-0B622BC55DF3}.Debug|Any CPU.ActiveCfg = Debug|Any CPU
		{938E5F48-1924-405F-A428-0B622BC55DF3}.Debug|x64.ActiveCfg = Debug|Any CPU
		{938E5F48-1924-405F-A428-0B622BC55DF3}.Debug|x86.ActiveCfg = Debug|Any CPU
		{938E5F48-1924-405F-A428-0B622BC55DF3}.Release|Any CPU.ActiveCfg = Release|Any CPU
		{938E5F48-1924-405F-A428-0B622BC55DF3}.Release|x64.ActiveCfg = Release|Any CPU
		{938E5F48-1924-405F-A428-0B622BC55DF3}.Release|x86.ActiveCfg = Release|Any CPU
		{64BB8683-B859-43F4-90DB-909367D2DCCF}.Debug|Any CPU.ActiveCfg = Debug|Win32
		{64BB8683-B859-43F4-90DB-909367D2DCCF}.Debug|x64.ActiveCfg = Debug|x64
		{64BB8683-B859-43F4-90DB-909367D2DCCF}.Debug|x64.Build.0 = Debug|x64
		{64BB8683-B859-43F4-90DB-909367D2DCCF}.Debug|x86.ActiveCfg = Debug|Win32
		{64BB8683-B859-43F4-90DB-909367D2DCCF}.Debug|x86.Build.0 = Debug|Win32
		{64BB8683-B859-43F4-90DB-909367D2DCCF}.Release|Any CPU.ActiveCfg = Release|Win32
		{64BB8683-B859-43F4-90DB-909367D2DCCF}.Release|x64.ActiveCfg = Release|x64
		{64BB8683-B859-43F4-90DB-909367D2DCCF}.Release|x64.Build.0 = Release|x64
		{64BB8683-B859-43F4-90DB-909367D2DCCF}.Release|x86.ActiveCfg = Release|Win32
		{64BB8683-B859-43F4-90DB-909367D2DCCF}.Release|x86.Build.0 = Release|Win32
		{9F15BD6B-D985-49B3-A22B-346BFC26A9D6}.Debug|Any CPU.ActiveCfg = Debug|Win32
		{9F15BD6B-D985-49B3-A22B-346BFC26A9D6}.Debug|x64.ActiveCfg = Debug|x64
		{9F15BD6B-D985-49B3-A22B-346BFC26A9D6}.Debug|x64.Build.0 = Debug|x64
		{9F15BD6B-D985-49B3-A22B-346BFC26A9D6}.Debug|x86.ActiveCfg = Debug|Win32
		{9F15BD6B-D985-49B3-A22B-346BFC26A9D6}.Debug|x86.Build.0 = Debug|Win32
		{9F15BD6B-D985-49B3-A22B-346BFC26A9D6}.Release|Any CPU.ActiveCfg = Release|Win32
		{9F15BD6B-D985-49B3-A22B-346BFC26A9D6}.Release|x64.ActiveCfg = Release|x64
		{9F15BD6B-D985-49B3-A22B-346BFC26A9D6}.Release|x64.Build.0 = Release|x64
		{9F15BD6B-D985-49B3-A22B-346BFC26A9D6}.Release|x86.ActiveCfg = Release|Win32
		{9F15BD6B-D985-49B3-A22B-346BFC26A9D6}.Release|x86.Build.0 = Release|Win32
		{D686F1A3-56AB-4F3A-9F33-CA655667034B}.Debug|Any CPU.ActiveCfg = Debug|Win32
		{D686F1A3-56AB-4F3A-9F33-CA655667034B}.Debug|x64.ActiveCfg = Debug|x64
		{D686F1A3-56AB-4F3A-9F33-CA655667034B}.Debug|x64.Build.0 = Debug|x64
		{D686F1A3-56AB-4F3A-9F33-CA655667034B}.Debug|x86.ActiveCfg = Debug|Win32
		{D686F1A3-56AB-4F3A-9F33-CA655667034B}.Debug|x86.Build.0 = Debug|Win32
		{D686F1A3-56AB-4F3A-9F33-CA655667034B}.Release|Any CPU.ActiveCfg = Release|Win32
		{D686F1A3-56AB-4F3A-9F33-CA655667034B}.Release|x64.ActiveCfg = Release|x64
		{D686F1A3-56AB-4F3A-9F33-CA655667034B}.Release|x64.Build.0 = Release|x64
		{D686F1A3-56AB-4F3A-9F33-CA655667034B}.Release|x86.ActiveCfg = Release|Win32
		{D686F1A3-56AB-4F3A-9F33-CA655667034B}.Release|x86.Build.0 = Release|Win32
		{48985CD9-4DC1-46CA-9B88-BFC54ED2FDC8}.Debug|Any CPU.ActiveCfg = Debug|Win32
		{48985CD9-4DC1-46CA-9B88-BFC54ED2FDC8}.Debug|x64.ActiveCfg = Debug|x64
		{48985CD9-4DC1-46CA-9B88-BFC54ED2FDC8}.Debug|x64.Build.0 = Debug|x64
		{48985CD9-4DC1-46CA-9B88-BFC54ED2FDC8}.Debug|x86.ActiveCfg = Debug|Win32
		{48985CD9-4DC1-46CA-9B88-BFC54ED2FDC8}.Debug|x86.Build.0 = Debug|Win32
		{48985CD9-4DC1-46CA-9B88-BFC54ED2FDC8}.Release|Any CPU.ActiveCfg = Release|Win32
		{48985CD9-4DC1-46CA-9B88-BFC54ED2FDC8}.Release|x64.ActiveCfg = Release|x64
		{48985CD9-4DC1-46CA-9B88-BFC54ED2FDC8}.Release|x64.Build.0 = Release|x64
		{48985CD9-4DC1-46CA-9B88-BFC54ED2FDC8}.Release|x86.ActiveCfg = Release|Win32
		{48985CD9-4DC1-46CA-9B88-BFC54ED2FDC8}.Release|x86.Build.0 = Release|Win32
		{E45994AE-BBD4-487B-8FFC-1D1DDA3A9248}.Debug|Any CPU.ActiveCfg = Debug|Win32
		{E45994AE-BBD4-487B-8FFC-1D1DDA3A9248}.Debug|x64.ActiveCfg = Debug|x64
		{E45994AE-BBD4-487B-8FFC-1D1DDA3A9248}.Debug|x64.Build.0 = Debug|x64
		{E45994AE-BBD4-487B-8FFC-1D1DDA3A9248}.Debug|x86.ActiveCfg = Debug|Win32
		{E45994AE-BBD4-487B-8FFC-1D1DDA3A9248}.Debug|x86.Build.0 = Debug|Win32
		{E45994AE-BBD4-487B-8FFC-1D1DDA3A9248}.Release|Any CPU.ActiveCfg = Release|Win32
		{E45994AE-BBD4-487B-8FFC-1D1DDA3A9248}.Release|x64.ActiveCfg = Release|x64
		{E45994AE-BBD4-487B-8FFC-1D1DDA3A9248}.Release|x64.Build.0 = Release|x64
		{E45994AE-BBD4-487B-8FFC-1D1DDA3A9248}.Release|x86.ActiveCfg = Release|Win32
		{E45994AE-BBD4-487B-8FFC-1D1DDA3A9248}.Release|x86.Build.0 = Release|Win32
	EndGlobalSection
	GlobalSection(SolutionProperties) = preSolution
		HideSolutionNode = FALSE
	EndGlobalSection
	GlobalSection(NestedProjects) = preSolution
		{CCF69732-CE3D-4D6A-9048-232BDBEFB05E} = {91F04E8C-126C-4038-8CEB-39C9F8401FAC}
		{EC4C72CF-9B90-4340-A91E-1560F0C9B5D7} = {91F04E8C-126C-4038-8CEB-39C9F8401FAC}
		{579B7DAC-1A5E-4F1C-A01D-FBA6BD972EBB} = {91F04E8C-126C-4038-8CEB-39C9F8401FAC}
		{4F5FED98-7C59-43E4-BF29-84BB668ABEA5} = {91F04E8C-126C-4038-8CEB-39C9F8401FAC}
		{FE071037-E2DD-4AF0-A8DF-0CDB2F868B00} = {91F04E8C-126C-4038-8CEB-39C9F8401FAC}
		{0AD8BFEF-8B90-4D9F-8094-659684CA170E} = {91F04E8C-126C-4038-8CEB-39C9F8401FAC}
		{D5574521-309B-42E0-9D7A-555BD4C801BD} = {91F04E8C-126C-4038-8CEB-39C9F8401FAC}
		{73722ABB-5990-4129-B307-00D1944FE5F3} = {91F04E8C-126C-4038-8CEB-39C9F8401FAC}
		{F488BEEE-35D2-4975-8A37-8F0AC5FAD716} = {91F04E8C-126C-4038-8CEB-39C9F8401FAC}
		{C1A63423-CF8D-4EBF-B914-49C22709D789} = {0645B12F-F6A5-43F1-984F-DC3B02A00F9F}
		{A811FB81-5EA1-4BB3-A7C1-406275771805} = {0645B12F-F6A5-43F1-984F-DC3B02A00F9F}
		{4DDBF961-A101-45AA-848E-EF753F6B633F} = {0645B12F-F6A5-43F1-984F-DC3B02A00F9F}
		{DDCCE6EE-B6D2-4DF6-BAC3-ED67E1617201} = {0645B12F-F6A5-43F1-984F-DC3B02A00F9F}
		{73BD129F-E205-4900-A22F-20CD7735839B} = {0645B12F-F6A5-43F1-984F-DC3B02A00F9F}
		{4B66A639-D0E6-41F2-BF63-5C4162175D71} = {0645B12F-F6A5-43F1-984F-DC3B02A00F9F}
		{E9060EEB-AD3B-4688-9F14-AC5BB760490F} = {91F04E8C-126C-4038-8CEB-39C9F8401FAC}
		{12ABC86C-E446-4D2E-8E5C-68A0A497C8B5} = {91F04E8C-126C-4038-8CEB-39C9F8401FAC}
		{BF335A41-0933-4D0A-9802-ACF582509EF0} = {91F04E8C-126C-4038-8CEB-39C9F8401FAC}
		{B7F8CE9F-E191-42C9-A08D-DE30667A9ACE} = {DA183D96-6CF6-4175-8BFB-6D3B9183FDA4}
		{8F6FECA1-85E2-460E-85D6-838A525CC1F0} = {DA183D96-6CF6-4175-8BFB-6D3B9183FDA4}
		{12B14C69-5A1F-40AC-BF92-6139192EB571} = {DA183D96-6CF6-4175-8BFB-6D3B9183FDA4}
		{E2505E03-BBF6-4443-ACF2-100EFAE8803C} = {DA183D96-6CF6-4175-8BFB-6D3B9183FDA4}
		{3DD158BD-6768-40F0-A0B4-333850E0E10D} = {DA183D96-6CF6-4175-8BFB-6D3B9183FDA4}
		{75450797-5EAE-44AC-AAD1-61CB34264957} = {DA183D96-6CF6-4175-8BFB-6D3B9183FDA4}
		{665CDD6E-DA59-4AAE-96C6-7AC0804B3FC6} = {DA183D96-6CF6-4175-8BFB-6D3B9183FDA4}
		{5B3F9026-0169-45B4-AB42-E32582C8F46F} = {C447708E-5CF2-4A3B-8B0F-95A76AB46A00}
		{5B249EC6-007A-44A9-B6A0-2B2BDE0FF802} = {C447708E-5CF2-4A3B-8B0F-95A76AB46A00}
		{B1EC49B2-102E-4514-BF68-C2D987DF7164} = {C447708E-5CF2-4A3B-8B0F-95A76AB46A00}
		{02CE21CD-1E46-4CFC-A699-2158C51D0221} = {C447708E-5CF2-4A3B-8B0F-95A76AB46A00}
		{D2AB4426-E770-44C7-B780-CA321C6B99CC} = {C447708E-5CF2-4A3B-8B0F-95A76AB46A00}
		{E27D6926-A3A9-4737-8060-893FF9AE3711} = {C447708E-5CF2-4A3B-8B0F-95A76AB46A00}
		{2A661CBF-62A7-4C02-AF55-C96C80CFDEC4} = {C447708E-5CF2-4A3B-8B0F-95A76AB46A00}
		{50AFA5BA-BC70-4EE5-80A9-D06D56B697B2} = {C447708E-5CF2-4A3B-8B0F-95A76AB46A00}
		{0C02C0A6-5971-4AA9-B2AF-5AB9150CAA4D} = {DA183D96-6CF6-4175-8BFB-6D3B9183FDA4}
		{421C0576-1D00-4829-BC30-07985FFDFAF6} = {BD01D4A5-47D1-4364-B5A8-D91F6198C89E}
		{3566E4A2-22EF-432E-A6DA-CF9FE6AB9B78} = {BD01D4A5-47D1-4364-B5A8-D91F6198C89E}
		{5E2F4A62-AA35-4E50-B57F-AC7E3BF76F0C} = {BD01D4A5-47D1-4364-B5A8-D91F6198C89E}
		{282819A9-A312-4828-9BA8-76A057B354B0} = {BD01D4A5-47D1-4364-B5A8-D91F6198C89E}
		{FA1E5BAE-265B-4CF1-ADE9-CDFF829C0048} = {BD01D4A5-47D1-4364-B5A8-D91F6198C89E}
		{FA7854E3-F6EC-4BA6-93C8-383448FFCA0D} = {BD01D4A5-47D1-4364-B5A8-D91F6198C89E}
		{23BA8511-D277-43E7-B1A5-0325CFA5CC8F} = {B0A829C4-786F-4FDF-9D2B-92BBB1857D93}
		{89DEEF3D-1A47-4B16-B709-ADBC36C5D0E8} = {B0A829C4-786F-4FDF-9D2B-92BBB1857D93}
		{1BDCDBDA-F31B-4E73-8D77-DBE2B95B40FE} = {B0A829C4-786F-4FDF-9D2B-92BBB1857D93}
		{938E5F48-1924-405F-A428-0B622BC55DF3} = {B0A829C4-786F-4FDF-9D2B-92BBB1857D93}
		{64BB8683-B859-43F4-90DB-909367D2DCCF} = {B0A829C4-786F-4FDF-9D2B-92BBB1857D93}
		{9F15BD6B-D985-49B3-A22B-346BFC26A9D6} = {B0A829C4-786F-4FDF-9D2B-92BBB1857D93}
		{48985CD9-4DC1-46CA-9B88-BFC54ED2FDC8} = {B0A829C4-786F-4FDF-9D2B-92BBB1857D93}
		{E45994AE-BBD4-487B-8FFC-1D1DDA3A9248} = {B0A829C4-786F-4FDF-9D2B-92BBB1857D93}
	EndGlobalSection
	GlobalSection(ExtensibilityGlobals) = postSolution
		SolutionGuid = {1D78FCF3-D346-4864-918E-E90AA85DDDBD}
	EndGlobalSection
EndGlobal
